
Microsoft Visual Studio Solution File, Format Version 12.00
# Visual Studio Version 17
VisualStudioVersion = 17.1.32210.238
MinimumVisualStudioVersion = 10.0.40219.1
Project("{8BC9CEB8-8B4A-11D0-8D11-00A0C91BC942}") = "SOFA", "SOFA\SOFA.vcxproj", "{660746F1-2DAF-48C1-9575-1C7414337739}"
EndProject
Project("{9A19103F-16F7-4668-BE54-9A1E7A4F7556}") = "WWA.Core", "WWA.Core\WWA.Core.csproj", "{F080DA3E-515C-4007-899D-EB48AF7D4883}"
EndProject
Project("{9A19103F-16F7-4668-BE54-9A1E7A4F7556}") = "WWATest.Core", "WWATest.Core\WWATest.Core.csproj", "{C3FF7DB4-FFA3-4366-A356-EEAB9627C00C}"
EndProject
Global
	GlobalSection(SolutionConfigurationPlatforms) = preSolution
		Debug|Any CPU = Debug|Any CPU
		Debug|Mixed Platforms = Debug|Mixed Platforms
		Debug|Win32 = Debug|Win32
		Release|Any CPU = Release|Any CPU
		Release|Mixed Platforms = Release|Mixed Platforms
		Release|Win32 = Release|Win32
	EndGlobalSection
	GlobalSection(ProjectConfigurationPlatforms) = postSolution
		{660746F1-2DAF-48C1-9575-1C7414337739}.Debug|Any CPU.ActiveCfg = Debug|Win32
		{660746F1-2DAF-48C1-9575-1C7414337739}.Debug|Mixed Platforms.ActiveCfg = Debug|Win32
		{660746F1-2DAF-48C1-9575-1C7414337739}.Debug|Mixed Platforms.Build.0 = Debug|Win32
		{660746F1-2DAF-48C1-9575-1C7414337739}.Debug|Win32.ActiveCfg = Debug|Win32
		{660746F1-2DAF-48C1-9575-1C7414337739}.Debug|Win32.Build.0 = Debug|Win32
		{660746F1-2DAF-48C1-9575-1C7414337739}.Release|Any CPU.ActiveCfg = Release|Win32
		{660746F1-2DAF-48C1-9575-1C7414337739}.Release|Mixed Platforms.ActiveCfg = Release|Win32
		{660746F1-2DAF-48C1-9575-1C7414337739}.Release|Mixed Platforms.Build.0 = Release|Win32
		{660746F1-2DAF-48C1-9575-1C7414337739}.Release|Win32.ActiveCfg = Release|Win32
		{660746F1-2DAF-48C1-9575-1C7414337739}.Release|Win32.Build.0 = Release|Win32
		{F080DA3E-515C-4007-899D-EB48AF7D4883}.Debug|Any CPU.ActiveCfg = Debug|Any CPU
		{F080DA3E-515C-4007-899D-EB48AF7D4883}.Debug|Any CPU.Build.0 = Debug|Any CPU
		{F080DA3E-515C-4007-899D-EB48AF7D4883}.Debug|Mixed Platforms.ActiveCfg = Debug|Any CPU
		{F080DA3E-515C-4007-899D-EB48AF7D4883}.Debug|Mixed Platforms.Build.0 = Debug|Any CPU
		{F080DA3E-515C-4007-899D-EB48AF7D4883}.Debug|Win32.ActiveCfg = Debug|Any CPU
		{F080DA3E-515C-4007-899D-EB48AF7D4883}.Debug|Win32.Build.0 = Debug|Any CPU
		{F080DA3E-515C-4007-899D-EB48AF7D4883}.Release|Any CPU.ActiveCfg = Release|Any CPU
		{F080DA3E-515C-4007-899D-EB48AF7D4883}.Release|Any CPU.Build.0 = Release|Any CPU
		{F080DA3E-515C-4007-899D-EB48AF7D4883}.Release|Mixed Platforms.ActiveCfg = Release|Any CPU
		{F080DA3E-515C-4007-899D-EB48AF7D4883}.Release|Mixed Platforms.Build.0 = Release|Any CPU
		{F080DA3E-515C-4007-899D-EB48AF7D4883}.Release|Win32.ActiveCfg = Release|Any CPU
		{F080DA3E-515C-4007-899D-EB48AF7D4883}.Release|Win32.Build.0 = Release|Any CPU
		{C3FF7DB4-FFA3-4366-A356-EEAB9627C00C}.Debug|Any CPU.ActiveCfg = Debug|Any CPU
		{C3FF7DB4-FFA3-4366-A356-EEAB9627C00C}.Debug|Any CPU.Build.0 = Debug|Any CPU
		{C3FF7DB4-FFA3-4366-A356-EEAB9627C00C}.Debug|Mixed Platforms.ActiveCfg = Debug|Any CPU
		{C3FF7DB4-FFA3-4366-A356-EEAB9627C00C}.Debug|Mixed Platforms.Build.0 = Debug|Any CPU
		{C3FF7DB4-FFA3-4366-A356-EEAB9627C00C}.Debug|Win32.ActiveCfg = Debug|Any CPU
		{C3FF7DB4-FFA3-4366-A356-EEAB9627C00C}.Debug|Win32.Build.0 = Debug|Any CPU
		{C3FF7DB4-FFA3-4366-A356-EEAB9627C00C}.Release|Any CPU.ActiveCfg = Release|Any CPU
		{C3FF7DB4-FFA3-4366-A356-EEAB9627C00C}.Release|Any CPU.Build.0 = Release|Any CPU
		{C3FF7DB4-FFA3-4366-A356-EEAB9627C00C}.Release|Mixed Platforms.ActiveCfg = Release|Any CPU
		{C3FF7DB4-FFA3-4366-A356-EEAB9627C00C}.Release|Mixed Platforms.Build.0 = Release|Any CPU
		{C3FF7DB4-FFA3-4366-A356-EEAB9627C00C}.Release|Win32.ActiveCfg = Release|Any CPU
		{C3FF7DB4-FFA3-4366-A356-EEAB9627C00C}.Release|Win32.Build.0 = Release|Any CPU
	EndGlobalSection
	GlobalSection(SolutionProperties) = preSolution
		HideSolutionNode = FALSE
	EndGlobalSection
	GlobalSection(ExtensibilityGlobals) = postSolution
		SolutionGuid = {9A33DFC4-05DA-46E6-8A3D-418AF85B9DA7}
	EndGlobalSection
EndGlobal
